<?xml version="1.0" encoding="utf-8"?>
<Project ToolsVersion="4.0" xmlns="http://schemas.microsoft.com/developer/msbuild/2003">
  <ItemGroup>
    <None Include="sge.ini" />
  </ItemGroup>
  <ItemGroup>
    <ClCompile Include="WinMain.cpp" />
    <ClCompile Include="Tile.cpp" />
    <ClCompile Include="Map.cpp" />
  </ItemGroup>
  <ItemGroup>
    <ClInclude Include="Tile.h" />
    <ClInclude Include="Map.h" />
  </ItemGroup>
  <ItemGroup>
    <Filter Include="Data">
      <UniqueIdentifier>{ee58bdea-7e02-430c-a85b-27377b94232f}</UniqueIdentifier>
    </Filter>
  </ItemGroup>
  <ItemGroup>
    <Text Include="level01.txt">
      <Filter>Data</Filter>
    </Text>
    <Text Include="texturepack01.txt">
      <Filter>Data</Filter>
    </Text>
  </ItemGroup>
</Project>