<?xml version="1.0" encoding="utf-8"?>
<Project ToolsVersion="4.0" xmlns="http://schemas.microsoft.com/developer/msbuild/2003">
  <ItemGroup>
    <ClCompile Include="WinMain.cpp" />
    <ClCompile Include="Paddle.cpp" />
    <ClCompile Include="GameplayState.cpp" />
    <ClCompile Include="AppState.cpp" />
    <ClCompile Include="GameContext.cpp" />
    <ClCompile Include="FrontendState.cpp" />
    <ClCompile Include="Map.cpp" />
    <ClCompile Include="Tile.cpp" />
    <ClCompile Include="Ball.cpp" />
    <ClCompile Include="Collider.cpp" />
    <ClCompile Include="CollisionManager.cpp" />
    <ClCompile Include="Brick.cpp" />
  </ItemGroup>
  <ItemGroup>
    <ClInclude Include="Paddle.h" />
    <ClInclude Include="GameplayState.h" />
    <ClInclude Include="AppState.h" />
    <ClInclude Include="GameContext.h" />
    <ClInclude Include="GameStates.h" />
    <ClInclude Include="FrontendState.h" />
    <ClInclude Include="Map.h" />
    <ClInclude Include="Tile.h" />
    <ClInclude Include="Ball.h" />
    <ClInclude Include="Collider.h" />
    <ClInclude Include="CollisionManager.h" />
    <ClInclude Include="Brick.h" />
  </ItemGroup>
  <ItemGroup>
    <Filter Include="Data">
      <UniqueIdentifier>{d89468c4-d980-4c97-af39-6a04b41b1c1b}</UniqueIdentifier>
    </Filter>
  </ItemGroup>
  <ItemGroup>
    <Text Include="level01.txt">
      <Filter>Data</Filter>
    </Text>
    <Text Include="texturepack01.txt">
      <Filter>Data</Filter>
    </Text>
    <Text Include="level01bricks.txt">
      <Filter>Data</Filter>
    </Text>
    <Text Include="texturepackbricks01.txt">
      <Filter>Data</Filter>
    </Text>
  </ItemGroup>
  <ItemGroup>
    <None Include="sge.ini">
      <Filter>Data</Filter>
    </None>
  </ItemGroup>
</Project>